
Microsoft Visual Studio Solution File, Format Version 12.00
# Visual Studio 15
VisualStudioVersion = 15.0.28307.271
MinimumVisualStudioVersion = 10.0.40219.1
Project("{FAE04EC0-301F-11D3-BF4B-00C04F79EFBC}") = "OmegaSphere", "OmegaSphere\OmegaSphere.csproj", "{5980930F-2024-4B9F-867D-BBBE16151F95}"
EndProject
Global
	GlobalSection(SolutionConfigurationPlatforms) = preSolution
		Debug|Any CPU = Debug|Any CPU
		Release|Any CPU = Release|Any CPU
	EndGlobalSection
	GlobalSection(ProjectConfigurationPlatforms) = postSolution
		{5980930F-2024-4B9F-867D-BBBE16151F95}.Debug|Any CPU.ActiveCfg = Debug|Any CPU
		{5980930F-2024-4B9F-867D-BBBE16151F95}.Debug|Any CPU.Build.0 = Debug|Any CPU
		{5980930F-2024-4B9F-867D-BBBE16151F95}.Release|Any CPU.ActiveCfg = Release|Any CPU
		{5980930F-2024-4B9F-867D-BBBE16151F95}.Release|Any CPU.Build.0 = Release|Any CPU
	EndGlobalSection
	GlobalSection(SolutionProperties) = preSolution
		HideSolutionNode = FALSE
	EndGlobalSection
	GlobalSection(ExtensibilityGlobals) = postSolution
		SolutionGuid = {AC8B7EAA-F59D-479E-A36B-B582E9008328}
	EndGlobalSection
EndGlobal
